
Microsoft Visual Studio Solution File, Format Version 12.00
# Visual Studio Version 17
VisualStudioVersion = 17.3.32901.215
MinimumVisualStudioVersion = 10.0.40219.1
Project("{FAE04EC0-301F-11D3-BF4B-00C04F79EFBC}") = "Chart3D", "Chart3D.csproj", "{D7D8D96D-6666-4280-B570-CF4F0B52811C}"
EndProject
Global
	GlobalSection(SolutionConfigurationPlatforms) = preSolution
		Debug|Any CPU = Debug|Any CPU
		Release|Any CPU = Release|Any CPU
	EndGlobalSection
	GlobalSection(ProjectConfigurationPlatforms) = postSolution
		{D7D8D96D-6666-4280-B570-CF4F0B52811C}.Debug|Any CPU.ActiveCfg = Debug|Any CPU
		{D7D8D96D-6666-4280-B570-CF4F0B52811C}.Debug|Any CPU.Build.0 = Debug|Any CPU
		{D7D8D96D-6666-4280-B570-CF4F0B52811C}.Release|Any CPU.ActiveCfg = Release|Any CPU
		{D7D8D96D-6666-4280-B570-CF4F0B52811C}.Release|Any CPU.Build.0 = Release|Any CPU
	EndGlobalSection
	GlobalSection(SolutionProperties) = preSolution
		HideSolutionNode = FALSE
	EndGlobalSection
	GlobalSection(ExtensibilityGlobals) = postSolution
		SolutionGuid = {51134959-1CF2-430C-9F50-B5F4AAF06038}
	EndGlobalSection
EndGlobal
